
Microsoft Visual Studio Solution File, Format Version 12.00
# Visual Studio Version 16
VisualStudioVersion = 16.0.29326.143
MinimumVisualStudioVersion = 10.0.40219.1
Project("{FAE04EC0-301F-11D3-BF4B-00C04F79EFBC}") = "Solidarius", "Solidarius\Solidarius.csproj", "{02EFCA05-7DA3-4E62-AB2D-3F9880222D91}"
EndProject
Global
	GlobalSection(SolutionConfigurationPlatforms) = preSolution
		Debug|Any CPU = Debug|Any CPU
		Release|Any CPU = Release|Any CPU
	EndGlobalSection
	GlobalSection(ProjectConfigurationPlatforms) = postSolution
		{02EFCA05-7DA3-4E62-AB2D-3F9880222D91}.Debug|Any CPU.ActiveCfg = Debug|Any CPU
		{02EFCA05-7DA3-4E62-AB2D-3F9880222D91}.Debug|Any CPU.Build.0 = Debug|Any CPU
		{02EFCA05-7DA3-4E62-AB2D-3F9880222D91}.Release|Any CPU.ActiveCfg = Release|Any CPU
		{02EFCA05-7DA3-4E62-AB2D-3F9880222D91}.Release|Any CPU.Build.0 = Release|Any CPU
	EndGlobalSection
	GlobalSection(SolutionProperties) = preSolution
		HideSolutionNode = FALSE
	EndGlobalSection
	GlobalSection(ExtensibilityGlobals) = postSolution
		SolutionGuid = {1E0857F1-3AF4-4648-B245-B4D2A71C37EE}
	EndGlobalSection
EndGlobal
